{
  "name": "@agnes/webui-frontend",
  "version": "1.0.0",
  "lockfileVersion": 3,
  "requires": true,
  "packages": {
    "": {
      "name": "@agnes/webui-frontend",
      "version": "1.0.0",
      "dependencies": {
        "marked": "^12.0.0"
      },
      "devDependencies": {
        "@sveltejs/adapter-node": "^5.0.0",
        "@sveltejs/kit": "^2.0.0",
        "@sveltejs/vite-plugin-svelte": "^3.0.0",
        "@unocss/svelte-scoped": "^0.60.0",
        "svelte": "^4.2.0",
        "unocss": "^0.60.0",
        "vite": "^5.0.0"
      },
      "peerDependencies": {
        "@iconify-json/ph": "^1.1.0"
      }
    },
    "../../../../node_modules/.pnpm/@iconify-json+ph@1.2.2/node_modules/@iconify-json/ph": {
      "version": "1.2.2",
      "license": "MIT",
      "peer": true,
      "dependencies": {
        "@iconify/types": "*"
      }
    },
    "../../../../node_modules/.pnpm/@sveltejs+adapter-node@5.5._01aeba852b9fa4657c2323401be9e596/node_modules/@sveltejs/adapter-node": {
      "version": "5.5.4",
      "dev": true,
      "license": "MIT",
      "dependencies": {
        "@rollup/plugin-commonjs": "^29.0.0",
        "@rollup/plugin-json": "^6.1.0",
        "@rollup/plugin-node-resolve": "^16.0.0",
        "rollup": "^4.59.0"
      },
      "devDependencies": {
        "@polka/url": "^1.0.0-next.28",
        "@sveltejs/kit": "^2.53.2",
        "@sveltejs/vite-plugin-svelte": "^6.0.0-next.3",
        "@types/node": "^18.19.119",
        "polka": "^1.0.0-next.28",
        "sirv": "^3.0.2",
        "typescript": "^5.3.3",
        "vitest": "^4.0.0"
      },
      "peerDependencies": {
        "@sveltejs/kit": "^2.4.0"
      }
    },
    "../../../../node_modules/.pnpm/@sveltejs+kit@2.65.0_@svelt_39e54c2979e69522c4505ec2ffda2b20/node_modules/@sveltejs/kit": {
      "version": "2.65.0",
      "dev": true,
      "license": "MIT",
      "dependencies": {
        "@standard-schema/spec": "^1.0.0",
        "@sveltejs/acorn-typescript": "^1.0.9",
        "@types/cookie": "^0.6.0",
        "acorn": "^8.16.0",
        "cookie": "^0.6.0",
        "devalue": "^5.8.1",
        "esm-env": "^1.2.2",
        "kleur": "^4.1.5",
        "magic-string": "^0.30.5",
        "mrmime": "^2.0.0",
        "set-cookie-parser": "^3.0.0",
        "sirv": "^3.0.0"
      },
      "bin": {
        "svelte-kit": "svelte-kit.js"
      },
      "devDependencies": {
        "@opentelemetry/api": "^1.0.0",
        "@playwright/test": "^1.60.0",
        "@sveltejs/vite-plugin-svelte": "^6.0.0-next.3",
        "@types/connect": "^3.4.38",
        "@types/node": "^18.19.130",
        "@types/set-cookie-parser": "^2.4.7",
        "dts-buddy": "^0.8.0",
        "jsdom": "^26.1.0",
        "rollup": "^4.59.0",
        "svelte": "^5.56.3",
        "typescript": "^5.3.3",
        "vite": "^6.4.2",
        "vitest": "^4.1.7"
      },
      "engines": {
        "node": ">=18.13"
      },
      "peerDependencies": {
        "@opentelemetry/api": "^1.0.0",
        "@sveltejs/vite-plugin-svelte": "^3.0.0 || ^4.0.0-next.1 || ^5.0.0 || ^6.0.0-next.0 || ^7.0.0",
        "svelte": "^4.0.0 || ^5.0.0-next.0",
        "typescript": "^5.3.3 || ^6.0.0",
        "vite": "^5.0.3 || ^6.0.0 || ^7.0.0-beta.0 || ^8.0.0"
      },
      "peerDependenciesMeta": {
        "@opentelemetry/api": {
          "optional": true
        },
        "typescript": {
          "optional": true
        }
      }
    },
    "../../../../node_modules/.pnpm/@sveltejs+vite-plugin-svelt_0f08a9f7b9e611772b6183c55ce4c701/node_modules/@sveltejs/vite-plugin-svelte": {
      "version": "3.1.2",
      "dev": true,
      "license": "MIT",
      "dependencies": {
        "@sveltejs/vite-plugin-svelte-inspector": "^2.1.0",
        "debug": "^4.3.4",
        "deepmerge": "^4.3.1",
        "kleur": "^4.1.5",
        "magic-string": "^0.30.10",
        "svelte-hmr": "^0.16.0",
        "vitefu": "^0.2.5"
      },
      "devDependencies": {
        "@types/debug": "^4.1.12",
        "esbuild": "^0.20.2",
        "sass": "^1.75.0",
        "svelte": "^4.2.15",
        "vite": "^5.2.9"
      },
      "engines": {
        "node": "^18.0.0 || >=20"
      },
      "peerDependencies": {
        "svelte": "^4.0.0 || ^5.0.0-next.0",
        "vite": "^5.0.0"
      }
    },
    "../../../../node_modules/.pnpm/@unocss+svelte-scoped@0.60.4/node_modules/@unocss/svelte-scoped": {
      "version": "0.60.4",
      "dev": true,
      "license": "MIT",
      "dependencies": {
        "@unocss/config": "0.60.4",
        "@unocss/reset": "0.60.4",
        "css-tree": "^2.3.1",
        "magic-string": "^0.30.10"
      },
      "devDependencies": {
        "prettier-plugin-svelte": "^2.10.1",
        "svelte": "^4.2.17"
      }
    },
    "../../../../node_modules/.pnpm/marked@12.0.2/node_modules/marked": {
      "version": "12.0.2",
      "license": "MIT",
      "bin": {
        "marked": "bin/marked.js"
      },
      "devDependencies": {
        "@arethetypeswrong/cli": "^0.15.3",
        "@markedjs/testutils": "12.0.0-0",
        "@rollup/plugin-terser": "^0.4.4",
        "@rollup/plugin-typescript": "^11.1.6",
        "@semantic-release/commit-analyzer": "^12.0.0",
        "@semantic-release/git": "^10.0.1",
        "@semantic-release/github": "^10.0.3",
        "@semantic-release/npm": "^12.0.0",
        "@semantic-release/release-notes-generator": "^13.0.0",
        "@typescript-eslint/eslint-plugin": "^7.6.0",
        "@typescript-eslint/parser": "^7.4.0",
        "cheerio": "1.0.0-rc.12",
        "commonmark": "0.31.0",
        "cross-env": "^7.0.3",
        "dts-bundle-generator": "^9.3.1",
        "eslint": "^8.57.0",
        "eslint-config-standard": "^17.1.0",
        "eslint-plugin-import": "^2.29.1",
        "eslint-plugin-n": "^16.6.2",
        "eslint-plugin-promise": "^6.1.1",
        "highlight.js": "^11.9.0",
        "markdown-it": "14.1.0",
        "marked-highlight": "^2.1.1",
        "marked-man": "^2.0.0",
        "node-fetch": "^3.3.2",
        "recheck": "^4.4.5",
        "rollup": "^4.14.3",
        "semantic-release": "^23.0.7",
        "titleize": "^4.0.0",
        "ts-expect": "^1.3.0",
        "typescript": "5.4.5"
      },
      "engines": {
        "node": ">= 18"
      }
    },
    "../../../../node_modules/.pnpm/svelte@4.2.20/node_modules/svelte": {
      "version": "4.2.20",
      "dev": true,
      "license": "MIT",
      "dependencies": {
        "@ampproject/remapping": "^2.2.1",
        "@jridgewell/sourcemap-codec": "^1.4.15",
        "@jridgewell/trace-mapping": "^0.3.18",
        "@types/estree": "^1.0.1",
        "acorn": "^8.9.0",
        "aria-query": "^5.3.0",
        "axobject-query": "^4.0.0",
        "code-red": "^1.0.3",
        "css-tree": "^2.3.1",
        "estree-walker": "^3.0.3",
        "is-reference": "^3.0.1",
        "locate-character": "^3.0.0",
        "magic-string": "^0.30.4",
        "periscopic": "^3.1.0"
      },
      "devDependencies": {
        "@playwright/test": "^1.35.1",
        "@rollup/plugin-commonjs": "^24.1.0",
        "@rollup/plugin-json": "^6.0.0",
        "@rollup/plugin-node-resolve": "^15.1.0",
        "@sveltejs/eslint-config": "^6.0.4",
        "@types/aria-query": "^5.0.1",
        "@types/node": "^14.18.51",
        "agadoo": "^3.0.0",
        "dts-buddy": "^0.4.3",
        "esbuild": "^0.18.11",
        "eslint-plugin-lube": "^0.1.7",
        "happy-dom": "^9.20.3",
        "jsdom": "22.0.0",
        "kleur": "^4.1.5",
        "rollup": "^3.26.2",
        "source-map": "^0.7.4",
        "tiny-glob": "^0.2.9",
        "typescript": "^5.1.3",
        "vitest": "^0.33.0"
      },
      "engines": {
        "node": ">=16"
      }
    },
    "../../../../node_modules/.pnpm/unocss@0.60.4_postcss@8.5.1_0df66b2fd83ebd4642227991fb6f6751/node_modules/unocss": {
      "version": "0.60.4",
      "dev": true,
      "license": "MIT",
      "dependencies": {
        "@unocss/astro": "0.60.4",
        "@unocss/cli": "0.60.4",
        "@unocss/core": "0.60.4",
        "@unocss/extractor-arbitrary-variants": "0.60.4",
        "@unocss/postcss": "0.60.4",
        "@unocss/preset-attributify": "0.60.4",
        "@unocss/preset-icons": "0.60.4",
        "@unocss/preset-mini": "0.60.4",
        "@unocss/preset-tagify": "0.60.4",
        "@unocss/preset-typography": "0.60.4",
        "@unocss/preset-uno": "0.60.4",
        "@unocss/preset-web-fonts": "0.60.4",
        "@unocss/preset-wind": "0.60.4",
        "@unocss/reset": "0.60.4",
        "@unocss/transformer-attributify-jsx": "0.60.4",
        "@unocss/transformer-attributify-jsx-babel": "0.60.4",
        "@unocss/transformer-compile-class": "0.60.4",
        "@unocss/transformer-directives": "0.60.4",
        "@unocss/transformer-variant-group": "0.60.4",
        "@unocss/vite": "0.60.4"
      },
      "devDependencies": {
        "@unocss/webpack": "0.60.4",
        "vite": "^5.2.12"
      },
      "engines": {
        "node": ">=14"
      },
      "funding": {
        "url": "https://github.com/sponsors/antfu"
      },
      "peerDependencies": {
        "@unocss/webpack": "0.60.4",
        "vite": "^2.9.0 || ^3.0.0-0 || ^4.0.0 || ^5.0.0-0"
      },
      "peerDependenciesMeta": {
        "@unocss/webpack": {
          "optional": true
        },
        "vite": {
          "optional": true
        }
      }
    },
    "../../../../node_modules/.pnpm/vite@5.4.21_@types+node@22.19.21/node_modules/vite": {
      "version": "5.4.21",
      "dev": true,
      "license": "MIT",
      "dependencies": {
        "esbuild": "^0.21.3",
        "postcss": "^8.4.43",
        "rollup": "^4.20.0"
      },
      "bin": {
        "vite": "bin/vite.js"
      },
      "devDependencies": {
        "@ampproject/remapping": "^2.3.0",
        "@babel/parser": "^7.25.6",
        "@jridgewell/trace-mapping": "^0.3.25",
        "@polka/compression": "^1.0.0-next.25",
        "@rollup/plugin-alias": "^5.1.0",
        "@rollup/plugin-commonjs": "^26.0.1",
        "@rollup/plugin-dynamic-import-vars": "^2.1.2",
        "@rollup/plugin-json": "^6.1.0",
        "@rollup/plugin-node-resolve": "15.2.3",
        "@rollup/pluginutils": "^5.1.0",
        "@types/escape-html": "^1.0.4",
        "@types/pnpapi": "^0.0.5",
        "artichokie": "^0.2.1",
        "cac": "^6.7.14",
        "chokidar": "^3.6.0",
        "connect": "^3.7.0",
        "convert-source-map": "^2.0.0",
        "cors": "^2.8.5",
        "cross-spawn": "^7.0.3",
        "debug": "^4.3.6",
        "dep-types": "link:./src/types",
        "dotenv": "^16.4.5",
        "dotenv-expand": "^11.0.6",
        "es-module-lexer": "^1.5.4",
        "escape-html": "^1.0.3",
        "estree-walker": "^3.0.3",
        "etag": "^1.8.1",
        "fast-glob": "^3.3.2",
        "http-proxy": "^1.18.1",
        "launch-editor-middleware": "^2.9.1",
        "lightningcss": "^1.26.0",
        "magic-string": "^0.30.11",
        "micromatch": "^4.0.8",
        "mlly": "^1.7.1",
        "mrmime": "^2.0.0",
        "open": "^8.4.2",
        "parse5": "^7.1.2",
        "pathe": "^1.1.2",
        "periscopic": "^4.0.2",
        "picocolors": "^1.0.1",
        "picomatch": "^2.3.1",
        "postcss-import": "^16.1.0",
        "postcss-load-config": "^4.0.2",
        "postcss-modules": "^6.0.0",
        "resolve.exports": "^2.0.2",
        "rollup-plugin-dts": "^6.1.1",
        "rollup-plugin-esbuild": "^6.1.1",
        "rollup-plugin-license": "^3.5.2",
        "sass": "^1.77.8",
        "sass-embedded": "^1.77.8",
        "sirv": "^2.0.4",
        "source-map-support": "^0.5.21",
        "strip-ansi": "^7.1.0",
        "strip-literal": "^2.1.0",
        "tsconfck": "^3.1.4",
        "tslib": "^2.7.0",
        "types": "link:./types",
        "ufo": "^1.5.4",
        "ws": "^8.18.0"
      },
      "engines": {
        "node": "^18.0.0 || >=20.0.0"
      },
      "funding": {
        "url": "https://github.com/vitejs/vite?sponsor=1"
      },
      "optionalDependencies": {
        "fsevents": "~2.3.3"
      },
      "peerDependencies": {
        "@types/node": "^18.0.0 || >=20.0.0",
        "less": "*",
        "lightningcss": "^1.21.0",
        "sass": "*",
        "sass-embedded": "*",
        "stylus": "*",
        "sugarss": "*",
        "terser": "^5.4.0"
      },
      "peerDependenciesMeta": {
        "@types/node": {
          "optional": true
        },
        "less": {
          "optional": true
        },
        "lightningcss": {
          "optional": true
        },
        "sass": {
          "optional": true
        },
        "sass-embedded": {
          "optional": true
        },
        "stylus": {
          "optional": true
        },
        "sugarss": {
          "optional": true
        },
        "terser": {
          "optional": true
        }
      }
    },
    "node_modules/@iconify-json/ph": {
      "resolved": "../../../../node_modules/.pnpm/@iconify-json+ph@1.2.2/node_modules/@iconify-json/ph",
      "link": true
    },
    "node_modules/@sveltejs/adapter-node": {
      "resolved": "../../../../node_modules/.pnpm/@sveltejs+adapter-node@5.5._01aeba852b9fa4657c2323401be9e596/node_modules/@sveltejs/adapter-node",
      "link": true
    },
    "node_modules/@sveltejs/kit": {
      "resolved": "../../../../node_modules/.pnpm/@sveltejs+kit@2.65.0_@svelt_39e54c2979e69522c4505ec2ffda2b20/node_modules/@sveltejs/kit",
      "link": true
    },
    "node_modules/@sveltejs/vite-plugin-svelte": {
      "resolved": "../../../../node_modules/.pnpm/@sveltejs+vite-plugin-svelt_0f08a9f7b9e611772b6183c55ce4c701/node_modules/@sveltejs/vite-plugin-svelte",
      "link": true
    },
    "node_modules/@unocss/svelte-scoped": {
      "resolved": "../../../../node_modules/.pnpm/@unocss+svelte-scoped@0.60.4/node_modules/@unocss/svelte-scoped",
      "link": true
    },
    "node_modules/marked": {
      "resolved": "../../../../node_modules/.pnpm/marked@12.0.2/node_modules/marked",
      "link": true
    },
    "node_modules/svelte": {
      "resolved": "../../../../node_modules/.pnpm/svelte@4.2.20/node_modules/svelte",
      "link": true
    },
    "node_modules/unocss": {
      "resolved": "../../../../node_modules/.pnpm/unocss@0.60.4_postcss@8.5.1_0df66b2fd83ebd4642227991fb6f6751/node_modules/unocss",
      "link": true
    },
    "node_modules/vite": {
      "resolved": "../../../../node_modules/.pnpm/vite@5.4.21_@types+node@22.19.21/node_modules/vite",
      "link": true
    }
  }
}
